
Microsoft Visual Studio Solution File, Format Version 12.00
# Visual Studio Version 17
VisualStudioVersion = 17.5.33424.131
MinimumVisualStudioVersion = 10.0.40219.1
Project("{9A19103F-16F7-4668-BE54-9A1E7A4F7556}") = "CareerCloud.Pocos", "CareerCloud.Pocos\CareerCloud.Pocos.csproj", "{5EB1CC70-2EB3-4095-B89B-1A23FBBB46AF}"
EndProject
Project("{9A19103F-16F7-4668-BE54-9A1E7A4F7556}") = "CareerCloudCore.UnitTests.Assignment1", "CareerCloudCore.UnitTests.Assignment1-master\CareerCloudCore.UnitTests.Assignment1\CareerCloudCore.UnitTests.Assignment1.csproj", "{C5C99520-7433-4F7B-AC55-9A65986BE45E}"
EndProject
Project("{9A19103F-16F7-4668-BE54-9A1E7A4F7556}") = "CareerCloud.ADODataAccessLayer", "CareerCloud.ADODataAccessLayer\CareerCloud.ADODataAccessLayer.csproj", "{A08B2E12-BF2D-4B42-A969-DED3E31CFFC3}"
EndProject
Project("{9A19103F-16F7-4668-BE54-9A1E7A4F7556}") = "CareerCloudCore.UnitTests.Assignment2", "CareerCloudCore.UnitTests.Assignment2\CareerCloudCore.UnitTests.Assignment2.csproj", "{3DA7150F-4A56-420B-BE0D-154C23AC2602}"
EndProject
Project("{9A19103F-16F7-4668-BE54-9A1E7A4F7556}") = "CareerCloud.DataAccessLayer", "CareerCloud.DataAccessLayer\CareerCloud.DataAccessLayer.csproj", "{D5121F97-C1E5-4ADA-9B5A-5E27480C5864}"
EndProject
Project("{9A19103F-16F7-4668-BE54-9A1E7A4F7556}") = "CareerCloud.BusinessLogicLayer", "CareerCloud.BusinessLogicLayer\CareerCloud.BusinessLogicLayer.csproj", "{9508939E-844A-4BB9-9BE8-5BB952BA3B97}"
EndProject
Project("{9A19103F-16F7-4668-BE54-9A1E7A4F7556}") = "CareerCloudCore.UnitTests.Assignment3", "CareerCloudCore.UnitTests.Assignment3-master\CareerCloudCore.UnitTests.Assignment3.csproj", "{39F4731F-8CDF-4A85-88A5-FFD41FEA3054}"
EndProject
Project("{9A19103F-16F7-4668-BE54-9A1E7A4F7556}") = "CareerCloudCore.UnitTests.Assignment4", "..\..\Assignment 5\CareerCloud\CareerCloudCore.UnitTests.Assignment4\CareerCloudCore.UnitTests.Assignment4.csproj", "{408BE728-454A-4718-8400-56236DCC0B3A}"
EndProject
Project("{9A19103F-16F7-4668-BE54-9A1E7A4F7556}") = "CareerCloudCore.UnitTests.Assignment5", "..\..\Assignment 5\CareerCloud\CareerCloudCore.UnitTests.Assignment5-master\CareerCloudCore.UnitTests.Assignment5.csproj", "{D48FF77F-87BF-4A9A-AF6C-97F9BB8E9B38}"
EndProject
Project("{9A19103F-16F7-4668-BE54-9A1E7A4F7556}") = "CareerCloud.WebAPI", "..\..\Assignment 5\CareerCloud\CareerCloud.WebAPI\CareerCloud.WebAPI.csproj", "{DA1A25CE-E35E-4099-8225-B9535B124685}"
EndProject
Project("{9A19103F-16F7-4668-BE54-9A1E7A4F7556}") = "CareerCloud.EntityFrameworkDataAccess", "..\..\Assignment 5\CareerCloud\CareerCloud.EntityFrameworkDataAccess\CareerCloud.EntityFrameworkDataAccess.csproj", "{29D73343-B096-40D3-8C8D-EB6DB6FBC9D5}"
EndProject
Global
	GlobalSection(SolutionConfigurationPlatforms) = preSolution
		Debug|Any CPU = Debug|Any CPU
		Release|Any CPU = Release|Any CPU
	EndGlobalSection
	GlobalSection(ProjectConfigurationPlatforms) = postSolution
		{5EB1CC70-2EB3-4095-B89B-1A23FBBB46AF}.Debug|Any CPU.ActiveCfg = Debug|Any CPU
		{5EB1CC70-2EB3-4095-B89B-1A23FBBB46AF}.Debug|Any CPU.Build.0 = Debug|Any CPU
		{5EB1CC70-2EB3-4095-B89B-1A23FBBB46AF}.Release|Any CPU.ActiveCfg = Release|Any CPU
		{5EB1CC70-2EB3-4095-B89B-1A23FBBB46AF}.Release|Any CPU.Build.0 = Release|Any CPU
		{C5C99520-7433-4F7B-AC55-9A65986BE45E}.Debug|Any CPU.ActiveCfg = Debug|Any CPU
		{C5C99520-7433-4F7B-AC55-9A65986BE45E}.Debug|Any CPU.Build.0 = Debug|Any CPU
		{C5C99520-7433-4F7B-AC55-9A65986BE45E}.Release|Any CPU.ActiveCfg = Release|Any CPU
		{C5C99520-7433-4F7B-AC55-9A65986BE45E}.Release|Any CPU.Build.0 = Release|Any CPU
		{A08B2E12-BF2D-4B42-A969-DED3E31CFFC3}.Debug|Any CPU.ActiveCfg = Debug|Any CPU
		{A08B2E12-BF2D-4B42-A969-DED3E31CFFC3}.Debug|Any CPU.Build.0 = Debug|Any CPU
		{A08B2E12-BF2D-4B42-A969-DED3E31CFFC3}.Release|Any CPU.ActiveCfg = Release|Any CPU
		{A08B2E12-BF2D-4B42-A969-DED3E31CFFC3}.Release|Any CPU.Build.0 = Release|Any CPU
		{3DA7150F-4A56-420B-BE0D-154C23AC2602}.Debug|Any CPU.ActiveCfg = Debug|Any CPU
		{3DA7150F-4A56-420B-BE0D-154C23AC2602}.Debug|Any CPU.Build.0 = Debug|Any CPU
		{3DA7150F-4A56-420B-BE0D-154C23AC2602}.Release|Any CPU.ActiveCfg = Release|Any CPU
		{3DA7150F-4A56-420B-BE0D-154C23AC2602}.Release|Any CPU.Build.0 = Release|Any CPU
		{D5121F97-C1E5-4ADA-9B5A-5E27480C5864}.Debug|Any CPU.ActiveCfg = Debug|Any CPU
		{D5121F97-C1E5-4ADA-9B5A-5E27480C5864}.Debug|Any CPU.Build.0 = Debug|Any CPU
		{D5121F97-C1E5-4ADA-9B5A-5E27480C5864}.Release|Any CPU.ActiveCfg = Release|Any CPU
		{D5121F97-C1E5-4ADA-9B5A-5E27480C5864}.Release|Any CPU.Build.0 = Release|Any CPU
		{9508939E-844A-4BB9-9BE8-5BB952BA3B97}.Debug|Any CPU.ActiveCfg = Debug|Any CPU
		{9508939E-844A-4BB9-9BE8-5BB952BA3B97}.Debug|Any CPU.Build.0 = Debug|Any CPU
		{9508939E-844A-4BB9-9BE8-5BB952BA3B97}.Release|Any CPU.ActiveCfg = Release|Any CPU
		{9508939E-844A-4BB9-9BE8-5BB952BA3B97}.Release|Any CPU.Build.0 = Release|Any CPU
		{39F4731F-8CDF-4A85-88A5-FFD41FEA3054}.Debug|Any CPU.ActiveCfg = Debug|Any CPU
		{39F4731F-8CDF-4A85-88A5-FFD41FEA3054}.Debug|Any CPU.Build.0 = Debug|Any CPU
		{39F4731F-8CDF-4A85-88A5-FFD41FEA3054}.Release|Any CPU.ActiveCfg = Release|Any CPU
		{39F4731F-8CDF-4A85-88A5-FFD41FEA3054}.Release|Any CPU.Build.0 = Release|Any CPU
		{408BE728-454A-4718-8400-56236DCC0B3A}.Debug|Any CPU.ActiveCfg = Debug|Any CPU
		{408BE728-454A-4718-8400-56236DCC0B3A}.Debug|Any CPU.Build.0 = Debug|Any CPU
		{408BE728-454A-4718-8400-56236DCC0B3A}.Release|Any CPU.ActiveCfg = Release|Any CPU
		{408BE728-454A-4718-8400-56236DCC0B3A}.Release|Any CPU.Build.0 = Release|Any CPU
		{D48FF77F-87BF-4A9A-AF6C-97F9BB8E9B38}.Debug|Any CPU.ActiveCfg = Debug|Any CPU
		{D48FF77F-87BF-4A9A-AF6C-97F9BB8E9B38}.Debug|Any CPU.Build.0 = Debug|Any CPU
		{D48FF77F-87BF-4A9A-AF6C-97F9BB8E9B38}.Release|Any CPU.ActiveCfg = Release|Any CPU
		{D48FF77F-87BF-4A9A-AF6C-97F9BB8E9B38}.Release|Any CPU.Build.0 = Release|Any CPU
		{DA1A25CE-E35E-4099-8225-B9535B124685}.Debug|Any CPU.ActiveCfg = Debug|Any CPU
		{DA1A25CE-E35E-4099-8225-B9535B124685}.Debug|Any CPU.Build.0 = Debug|Any CPU
		{DA1A25CE-E35E-4099-8225-B9535B124685}.Release|Any CPU.ActiveCfg = Release|Any CPU
		{DA1A25CE-E35E-4099-8225-B9535B124685}.Release|Any CPU.Build.0 = Release|Any CPU
		{29D73343-B096-40D3-8C8D-EB6DB6FBC9D5}.Debug|Any CPU.ActiveCfg = Debug|Any CPU
		{29D73343-B096-40D3-8C8D-EB6DB6FBC9D5}.Debug|Any CPU.Build.0 = Debug|Any CPU
		{29D73343-B096-40D3-8C8D-EB6DB6FBC9D5}.Release|Any CPU.ActiveCfg = Release|Any CPU
		{29D73343-B096-40D3-8C8D-EB6DB6FBC9D5}.Release|Any CPU.Build.0 = Release|Any CPU
	EndGlobalSection
	GlobalSection(SolutionProperties) = preSolution
		HideSolutionNode = FALSE
	EndGlobalSection
	GlobalSection(ExtensibilityGlobals) = postSolution
		SolutionGuid = {E5AE41F7-130A-42B6-A25B-D3449AD7F2E5}
	EndGlobalSection
EndGlobal
