
Microsoft Visual Studio Solution File, Format Version 12.00
# Visual Studio Version 17
VisualStudioVersion = 17.5.33424.131
MinimumVisualStudioVersion = 10.0.40219.1
Project("{9A19103F-16F7-4668-BE54-9A1E7A4F7556}") = "CareerCloud.Pocos", "CareerCloud.Pocos\CareerCloud.Pocos.csproj", "{5EB1CC70-2EB3-4095-B89B-1A23FBBB46AF}"
EndProject
Project("{9A19103F-16F7-4668-BE54-9A1E7A4F7556}") = "CareerCloudCore.UnitTests.Assignment1", "CareerCloudCore.UnitTests.Assignment1-master\CareerCloudCore.UnitTests.Assignment1\CareerCloudCore.UnitTests.Assignment1.csproj", "{C5C99520-7433-4F7B-AC55-9A65986BE45E}"
EndProject
Project("{9A19103F-16F7-4668-BE54-9A1E7A4F7556}") = "CareerCloud.ADODataAccessLayer", "CareerCloud.ADODataAccessLayer\CareerCloud.ADODataAccessLayer.csproj", "{A08B2E12-BF2D-4B42-A969-DED3E31CFFC3}"
EndProject
Project("{9A19103F-16F7-4668-BE54-9A1E7A4F7556}") = "CareerCloudCore.UnitTests.Assignment2", "CareerCloudCore.UnitTests.Assignment2\CareerCloudCore.UnitTests.Assignment2.csproj", "{3DA7150F-4A56-420B-BE0D-154C23AC2602}"
EndProject
Project("{FAE04EC0-301F-11D3-BF4B-00C04F79EFBC}") = "CareerCloud.DataAccessLayer", "CareerCloud.DataAccessLayer\CareerCloud.DataAccessLayer.csproj", "{D5121F97-C1E5-4ADA-9B5A-5E27480C5864}"
EndProject
Global
	GlobalSection(SolutionConfigurationPlatforms) = preSolution
		Debug|Any CPU = Debug|Any CPU
		Release|Any CPU = Release|Any CPU
	EndGlobalSection
	GlobalSection(ProjectConfigurationPlatforms) = postSolution
		{5EB1CC70-2EB3-4095-B89B-1A23FBBB46AF}.Debug|Any CPU.ActiveCfg = Debug|Any CPU
		{5EB1CC70-2EB3-4095-B89B-1A23FBBB46AF}.Debug|Any CPU.Build.0 = Debug|Any CPU
		{5EB1CC70-2EB3-4095-B89B-1A23FBBB46AF}.Release|Any CPU.ActiveCfg = Release|Any CPU
		{5EB1CC70-2EB3-4095-B89B-1A23FBBB46AF}.Release|Any CPU.Build.0 = Release|Any CPU
		{C5C99520-7433-4F7B-AC55-9A65986BE45E}.Debug|Any CPU.ActiveCfg = Debug|Any CPU
		{C5C99520-7433-4F7B-AC55-9A65986BE45E}.Debug|Any CPU.Build.0 = Debug|Any CPU
		{C5C99520-7433-4F7B-AC55-9A65986BE45E}.Release|Any CPU.ActiveCfg = Release|Any CPU
		{C5C99520-7433-4F7B-AC55-9A65986BE45E}.Release|Any CPU.Build.0 = Release|Any CPU
		{A08B2E12-BF2D-4B42-A969-DED3E31CFFC3}.Debug|Any CPU.ActiveCfg = Debug|Any CPU
		{A08B2E12-BF2D-4B42-A969-DED3E31CFFC3}.Debug|Any CPU.Build.0 = Debug|Any CPU
		{A08B2E12-BF2D-4B42-A969-DED3E31CFFC3}.Release|Any CPU.ActiveCfg = Release|Any CPU
		{A08B2E12-BF2D-4B42-A969-DED3E31CFFC3}.Release|Any CPU.Build.0 = Release|Any CPU
		{3DA7150F-4A56-420B-BE0D-154C23AC2602}.Debug|Any CPU.ActiveCfg = Debug|Any CPU
		{3DA7150F-4A56-420B-BE0D-154C23AC2602}.Debug|Any CPU.Build.0 = Debug|Any CPU
		{3DA7150F-4A56-420B-BE0D-154C23AC2602}.Release|Any CPU.ActiveCfg = Release|Any CPU
		{3DA7150F-4A56-420B-BE0D-154C23AC2602}.Release|Any CPU.Build.0 = Release|Any CPU
		{D5121F97-C1E5-4ADA-9B5A-5E27480C5864}.Debug|Any CPU.ActiveCfg = Debug|Any CPU
		{D5121F97-C1E5-4ADA-9B5A-5E27480C5864}.Debug|Any CPU.Build.0 = Debug|Any CPU
		{D5121F97-C1E5-4ADA-9B5A-5E27480C5864}.Release|Any CPU.ActiveCfg = Release|Any CPU
		{D5121F97-C1E5-4ADA-9B5A-5E27480C5864}.Release|Any CPU.Build.0 = Release|Any CPU
	EndGlobalSection
	GlobalSection(SolutionProperties) = preSolution
		HideSolutionNode = FALSE
	EndGlobalSection
	GlobalSection(ExtensibilityGlobals) = postSolution
		SolutionGuid = {E5AE41F7-130A-42B6-A25B-D3449AD7F2E5}
	EndGlobalSection
EndGlobal
