
Microsoft Visual Studio Solution File, Format Version 12.00
# Visual Studio Version 17
VisualStudioVersion = 17.4.33213.308
MinimumVisualStudioVersion = 10.0.40219.1
Project("{9A19103F-16F7-4668-BE54-9A1E7A4F7556}") = "CareerCloudCore.UnitTests.Assignment1", "CareerCloudCore.UnitTests.Assignment1\CareerCloudCore.UnitTests.Assignment1.csproj", "{BAA834AE-377C-4D46-936C-906B6F7843C1}"
EndProject
Project("{9A19103F-16F7-4668-BE54-9A1E7A4F7556}") = "CareerCloud.Pocos", "..\CareerCloud.Pocos\CareerCloud.Pocos.csproj", "{A045512A-1E0D-498E-8A9D-8BAA9DB5833F}"
EndProject
Global
	GlobalSection(SolutionConfigurationPlatforms) = preSolution
		Debug|Any CPU = Debug|Any CPU
		Release|Any CPU = Release|Any CPU
	EndGlobalSection
	GlobalSection(ProjectConfigurationPlatforms) = postSolution
		{BAA834AE-377C-4D46-936C-906B6F7843C1}.Debug|Any CPU.ActiveCfg = Debug|Any CPU
		{BAA834AE-377C-4D46-936C-906B6F7843C1}.Debug|Any CPU.Build.0 = Debug|Any CPU
		{BAA834AE-377C-4D46-936C-906B6F7843C1}.Release|Any CPU.ActiveCfg = Release|Any CPU
		{BAA834AE-377C-4D46-936C-906B6F7843C1}.Release|Any CPU.Build.0 = Release|Any CPU
		{A045512A-1E0D-498E-8A9D-8BAA9DB5833F}.Debug|Any CPU.ActiveCfg = Debug|Any CPU
		{A045512A-1E0D-498E-8A9D-8BAA9DB5833F}.Debug|Any CPU.Build.0 = Debug|Any CPU
		{A045512A-1E0D-498E-8A9D-8BAA9DB5833F}.Release|Any CPU.ActiveCfg = Release|Any CPU
		{A045512A-1E0D-498E-8A9D-8BAA9DB5833F}.Release|Any CPU.Build.0 = Release|Any CPU
	EndGlobalSection
	GlobalSection(SolutionProperties) = preSolution
		HideSolutionNode = FALSE
	EndGlobalSection
	GlobalSection(ExtensibilityGlobals) = postSolution
		SolutionGuid = {62141AFF-7953-4BF0-BF78-9F26C86747CD}
	EndGlobalSection
EndGlobal
